// !$*UTF8*$!
{
	archiveVersion = 1;
	classes = {
	};
	objectVersion = 56;
	objects = {

/* Begin PBXBuildFile section */
		788EF9CC2C44CE6D00C164D2 /* WasteNotApp.swift in Sources */ = {isa = PBXBuildFile; fileRef = 788EF9CB2C44CE6D00C164D2 /* WasteNotApp.swift */; };
		788EF9D02C44CE6E00C164D2 /* Assets.xcassets in Resources */ = {isa = PBXBuildFile; fileRef = 788EF9CF2C44CE6E00C164D2 /* Assets.xcassets */; };
		788EF9D32C44CE6E00C164D2 /* Preview Assets.xcassets in Resources */ = {isa = PBXBuildFile; fileRef = 788EF9D22C44CE6E00C164D2 /* Preview Assets.xcassets */; };
		788EF9DF2C44D9EE00C164D2 /* HomeView.swift in Sources */ = {isa = PBXBuildFile; fileRef = 788EF9DE2C44D9EE00C164D2 /* HomeView.swift */; };
		788EF9E22C44DB2C00C164D2 /* SettingView.swift in Sources */ = {isa = PBXBuildFile; fileRef = 788EF9E12C44DB2C00C164D2 /* SettingView.swift */; };
		788EF9E42C44DB8600C164D2 /* AddEditView.swift in Sources */ = {isa = PBXBuildFile; fileRef = 788EF9E32C44DB8600C164D2 /* AddEditView.swift */; };
		788EF9E62C44DC4800C164D2 /* ItemRowView.swift in Sources */ = {isa = PBXBuildFile; fileRef = 788EF9E52C44DC4800C164D2 /* ItemRowView.swift */; };
		788EF9EA2C44DC9900C164D2 /* Item.swift in Sources */ = {isa = PBXBuildFile; fileRef = 788EF9E92C44DC9900C164D2 /* Item.swift */; };
		788EF9EC2C451CCA00C164D2 /* ItemIcon.swift in Sources */ = {isa = PBXBuildFile; fileRef = 788EF9EB2C451CCA00C164D2 /* ItemIcon.swift */; };
		78BF692A2C5353F000321DD6 /* WidgetKit.framework in Frameworks */ = {isa = PBXBuildFile; fileRef = 78BF690F2C534F5C00321DD6 /* WidgetKit.framework */; };
		78BF692B2C5353F000321DD6 /* SwiftUI.framework in Frameworks */ = {isa = PBXBuildFile; fileRef = 78BF69112C534F5C00321DD6 /* SwiftUI.framework */; };
		78BF692E2C5353F000321DD6 /* WidgetExtensionBundle.swift in Sources */ = {isa = PBXBuildFile; fileRef = 78BF692D2C5353F000321DD6 /* WidgetExtensionBundle.swift */; };
		78BF69302C5353F000321DD6 /* WidgetExtension.swift in Sources */ = {isa = PBXBuildFile; fileRef = 78BF692F2C5353F000321DD6 /* WidgetExtension.swift */; };
		78BF69322C5353F200321DD6 /* Assets.xcassets in Resources */ = {isa = PBXBuildFile; fileRef = 78BF69312C5353F200321DD6 /* Assets.xcassets */; };
		78BF69362C5353F200321DD6 /* WidgetExtensionExtension.appex in Embed Foundation Extensions */ = {isa = PBXBuildFile; fileRef = 78BF69292C5353F000321DD6 /* WidgetExtensionExtension.appex */; settings = {ATTRIBUTES = (RemoveHeadersOnCopy, ); }; };
		78BF693A2C53541700321DD6 /* Item.swift in Sources */ = {isa = PBXBuildFile; fileRef = 788EF9E92C44DC9900C164D2 /* Item.swift */; };
		78BF693B2C53541C00321DD6 /* ItemIcon.swift in Sources */ = {isa = PBXBuildFile; fileRef = 788EF9EB2C451CCA00C164D2 /* ItemIcon.swift */; };
		78BF693C2C53541F00321DD6 /* Setting.swift in Sources */ = {isa = PBXBuildFile; fileRef = 78E112432C4CE71500C970DA /* Setting.swift */; };
		78DC2F882C56354600CC0C65 /* StoreKit.framework in Frameworks */ = {isa = PBXBuildFile; fileRef = 78DC2F872C56354600CC0C65 /* StoreKit.framework */; };
		78DC2F8B2C563F3600CC0C65 /* ProductsIdentifiers.swift in Sources */ = {isa = PBXBuildFile; fileRef = 78DC2F8A2C563F3600CC0C65 /* ProductsIdentifiers.swift */; };
		78DC2F8E2C563FE700CC0C65 /* Tipstore.swift in Sources */ = {isa = PBXBuildFile; fileRef = 78DC2F8D2C563FE700CC0C65 /* Tipstore.swift */; };
		78DC2F922C56459300CC0C65 /* TipsView.swift in Sources */ = {isa = PBXBuildFile; fileRef = 78DC2F912C56459300CC0C65 /* TipsView.swift */; };
		78DC2F942C56465600CC0C65 /* TipsItemView.swift in Sources */ = {isa = PBXBuildFile; fileRef = 78DC2F932C56465600CC0C65 /* TipsItemView.swift */; };
		78DC2F962C56577D00CC0C65 /* ThanksView.swift in Sources */ = {isa = PBXBuildFile; fileRef = 78DC2F952C56577D00CC0C65 /* ThanksView.swift */; };
		78E1123B2C49EFB000C970DA /* BannerAdsManager.swift in Sources */ = {isa = PBXBuildFile; fileRef = 78E1123A2C49EFB000C970DA /* BannerAdsManager.swift */; };
		78E1123E2C49F03E00C970DA /* GoogleMobileAds in Frameworks */ = {isa = PBXBuildFile; productRef = 78E1123D2C49F03E00C970DA /* GoogleMobileAds */; };
		78E112422C4CD48100C970DA /* NotificationsManager.swift in Sources */ = {isa = PBXBuildFile; fileRef = 78E112412C4CD48100C970DA /* NotificationsManager.swift */; };
		78E112442C4CE71500C970DA /* Setting.swift in Sources */ = {isa = PBXBuildFile; fileRef = 78E112432C4CE71500C970DA /* Setting.swift */; };
/* End PBXBuildFile section */

/* Begin PBXContainerItemProxy section */
		78BF69342C5353F200321DD6 /* PBXContainerItemProxy */ = {
			isa = PBXContainerItemProxy;
			containerPortal = 788EF9C02C44CE6D00C164D2 /* Project object */;
			proxyType = 1;
			remoteGlobalIDString = 78BF69282C5353F000321DD6;
			remoteInfo = WidgetExtensionExtension;
		};
/* End PBXContainerItemProxy section */

/* Begin PBXCopyFilesBuildPhase section */
		78BF691E2C534F5F00321DD6 /* Embed Foundation Extensions */ = {
			isa = PBXCopyFilesBuildPhase;
			buildActionMask = 2147483647;
			dstPath = "";
			dstSubfolderSpec = 13;
			files = (
				78BF69362C5353F200321DD6 /* WidgetExtensionExtension.appex in Embed Foundation Extensions */,
			);
			name = "Embed Foundation Extensions";
			runOnlyForDeploymentPostprocessing = 0;
		};
/* End PBXCopyFilesBuildPhase section */

/* Begin PBXFileReference section */
		788EF9C82C44CE6D00C164D2 /* WasteNot.app */ = {isa = PBXFileReference; explicitFileType = wrapper.application; includeInIndex = 0; path = WasteNot.app; sourceTree = BUILT_PRODUCTS_DIR; };
		788EF9CB2C44CE6D00C164D2 /* WasteNotApp.swift */ = {isa = PBXFileReference; lastKnownFileType = sourcecode.swift; path = WasteNotApp.swift; sourceTree = "<group>"; };
		788EF9CF2C44CE6E00C164D2 /* Assets.xcassets */ = {isa = PBXFileReference; lastKnownFileType = folder.assetcatalog; path = Assets.xcassets; sourceTree = "<group>"; };
		788EF9D22C44CE6E00C164D2 /* Preview Assets.xcassets */ = {isa = PBXFileReference; lastKnownFileType = folder.assetcatalog; path = "Preview Assets.xcassets"; sourceTree = "<group>"; };
		788EF9DE2C44D9EE00C164D2 /* HomeView.swift */ = {isa = PBXFileReference; lastKnownFileType = sourcecode.swift; path = HomeView.swift; sourceTree = "<group>"; };
		788EF9E12C44DB2C00C164D2 /* SettingView.swift */ = {isa = PBXFileReference; lastKnownFileType = sourcecode.swift; path = SettingView.swift; sourceTree = "<group>"; };
		788EF9E32C44DB8600C164D2 /* AddEditView.swift */ = {isa = PBXFileReference; lastKnownFileType = sourcecode.swift; path = AddEditView.swift; sourceTree = "<group>"; };
		788EF9E52C44DC4800C164D2 /* ItemRowView.swift */ = {isa = PBXFileReference; lastKnownFileType = sourcecode.swift; path = ItemRowView.swift; sourceTree = "<group>"; };
		788EF9E92C44DC9900C164D2 /* Item.swift */ = {isa = PBXFileReference; lastKnownFileType = sourcecode.swift; path = Item.swift; sourceTree = "<group>"; };
		788EF9EB2C451CCA00C164D2 /* ItemIcon.swift */ = {isa = PBXFileReference; lastKnownFileType = sourcecode.swift; path = ItemIcon.swift; sourceTree = "<group>"; };
		78BF690F2C534F5C00321DD6 /* WidgetKit.framework */ = {isa = PBXFileReference; lastKnownFileType = wrapper.framework; name = WidgetKit.framework; path = System/Library/Frameworks/WidgetKit.framework; sourceTree = SDKROOT; };
		78BF69112C534F5C00321DD6 /* SwiftUI.framework */ = {isa = PBXFileReference; lastKnownFileType = wrapper.framework; name = SwiftUI.framework; path = System/Library/Frameworks/SwiftUI.framework; sourceTree = SDKROOT; };
		78BF69292C5353F000321DD6 /* WidgetExtensionExtension.appex */ = {isa = PBXFileReference; explicitFileType = "wrapper.app-extension"; includeInIndex = 0; path = WidgetExtensionExtension.appex; sourceTree = BUILT_PRODUCTS_DIR; };
		78BF692D2C5353F000321DD6 /* WidgetExtensionBundle.swift */ = {isa = PBXFileReference; lastKnownFileType = sourcecode.swift; path = WidgetExtensionBundle.swift; sourceTree = "<group>"; };
		78BF692F2C5353F000321DD6 /* WidgetExtension.swift */ = {isa = PBXFileReference; lastKnownFileType = sourcecode.swift; path = WidgetExtension.swift; sourceTree = "<group>"; };
		78BF69312C5353F200321DD6 /* Assets.xcassets */ = {isa = PBXFileReference; lastKnownFileType = folder.assetcatalog; path = Assets.xcassets; sourceTree = "<group>"; };
		78BF69332C5353F200321DD6 /* Info.plist */ = {isa = PBXFileReference; lastKnownFileType = text.plist.xml; path = Info.plist; sourceTree = "<group>"; };
		78BF693D2C53599900321DD6 /* WidgetExtensionExtension.entitlements */ = {isa = PBXFileReference; lastKnownFileType = text.plist.entitlements; path = WidgetExtensionExtension.entitlements; sourceTree = "<group>"; };
		78BF693E2C535A2800321DD6 /* WasteNot.entitlements */ = {isa = PBXFileReference; lastKnownFileType = text.plist.entitlements; path = WasteNot.entitlements; sourceTree = "<group>"; };
		78DC2F872C56354600CC0C65 /* StoreKit.framework */ = {isa = PBXFileReference; lastKnownFileType = wrapper.framework; name = StoreKit.framework; path = System/Library/Frameworks/StoreKit.framework; sourceTree = SDKROOT; };
		78DC2F892C5635F000CC0C65 /* MyTipsStoreKitConfiguration.storekit */ = {isa = PBXFileReference; lastKnownFileType = text; path = MyTipsStoreKitConfiguration.storekit; sourceTree = "<group>"; };
		78DC2F8A2C563F3600CC0C65 /* ProductsIdentifiers.swift */ = {isa = PBXFileReference; lastKnownFileType = sourcecode.swift; path = ProductsIdentifiers.swift; sourceTree = "<group>"; };
		78DC2F8D2C563FE700CC0C65 /* Tipstore.swift */ = {isa = PBXFileReference; lastKnownFileType = sourcecode.swift; path = Tipstore.swift; sourceTree = "<group>"; };
		78DC2F912C56459300CC0C65 /* TipsView.swift */ = {isa = PBXFileReference; lastKnownFileType = sourcecode.swift; path = TipsView.swift; sourceTree = "<group>"; };
		78DC2F932C56465600CC0C65 /* TipsItemView.swift */ = {isa = PBXFileReference; lastKnownFileType = sourcecode.swift; path = TipsItemView.swift; sourceTree = "<group>"; };
		78DC2F952C56577D00CC0C65 /* ThanksView.swift */ = {isa = PBXFileReference; lastKnownFileType = sourcecode.swift; path = ThanksView.swift; sourceTree = "<group>"; };
		78E1123A2C49EFB000C970DA /* BannerAdsManager.swift */ = {isa = PBXFileReference; lastKnownFileType = sourcecode.swift; path = BannerAdsManager.swift; sourceTree = "<group>"; };
		78E1123F2C49F17900C970DA /* Info.plist */ = {isa = PBXFileReference; lastKnownFileType = text.plist; path = Info.plist; sourceTree = "<group>"; };
		78E112412C4CD48100C970DA /* NotificationsManager.swift */ = {isa = PBXFileReference; lastKnownFileType = sourcecode.swift; path = NotificationsManager.swift; sourceTree = "<group>"; };
		78E112432C4CE71500C970DA /* Setting.swift */ = {isa = PBXFileReference; lastKnownFileType = sourcecode.swift; path = Setting.swift; sourceTree = "<group>"; };
/* End PBXFileReference section */

/* Begin PBXFrameworksBuildPhase section */
		788EF9C52C44CE6D00C164D2 /* Frameworks */ = {
			isa = PBXFrameworksBuildPhase;
			buildActionMask = 2147483647;
			files = (
				78E1123E2C49F03E00C970DA /* GoogleMobileAds in Frameworks */,
				78DC2F882C56354600CC0C65 /* StoreKit.framework in Frameworks */,
			);
			runOnlyForDeploymentPostprocessing = 0;
		};
		78BF69262C5353F000321DD6 /* Frameworks */ = {
			isa = PBXFrameworksBuildPhase;
			buildActionMask = 2147483647;
			files = (
				78BF692B2C5353F000321DD6 /* SwiftUI.framework in Frameworks */,
				78BF692A2C5353F000321DD6 /* WidgetKit.framework in Frameworks */,
			);
			runOnlyForDeploymentPostprocessing = 0;
		};
/* End PBXFrameworksBuildPhase section */

/* Begin PBXGroup section */
		788EF9BF2C44CE6D00C164D2 = {
			isa = PBXGroup;
			children = (
				78BF693D2C53599900321DD6 /* WidgetExtensionExtension.entitlements */,
				788EF9CA2C44CE6D00C164D2 /* WasteNot */,
				78BF692C2C5353F000321DD6 /* WidgetExtension */,
				78BF690E2C534F5C00321DD6 /* Frameworks */,
				788EF9C92C44CE6D00C164D2 /* Products */,
			);
			sourceTree = "<group>";
		};
		788EF9C92C44CE6D00C164D2 /* Products */ = {
			isa = PBXGroup;
			children = (
				788EF9C82C44CE6D00C164D2 /* WasteNot.app */,
				78BF69292C5353F000321DD6 /* WidgetExtensionExtension.appex */,
			);
			name = Products;
			sourceTree = "<group>";
		};
		788EF9CA2C44CE6D00C164D2 /* WasteNot */ = {
			isa = PBXGroup;
			children = (
				78BF693E2C535A2800321DD6 /* WasteNot.entitlements */,
				78E1123F2C49F17900C970DA /* Info.plist */,
				788EF9CB2C44CE6D00C164D2 /* WasteNotApp.swift */,
				78DC2F892C5635F000CC0C65 /* MyTipsStoreKitConfiguration.storekit */,
				788EF9DE2C44D9EE00C164D2 /* HomeView.swift */,
				788EF9E12C44DB2C00C164D2 /* SettingView.swift */,
				788EF9E32C44DB8600C164D2 /* AddEditView.swift */,
				788EF9E52C44DC4800C164D2 /* ItemRowView.swift */,
				78DC2F912C56459300CC0C65 /* TipsView.swift */,
				78DC2F932C56465600CC0C65 /* TipsItemView.swift */,
				78DC2F952C56577D00CC0C65 /* ThanksView.swift */,
				78E112392C49EF8700C970DA /* AdMod Ads */,
				788EF9E72C44DC5700C164D2 /* Models */,
				78E112402C4C91FC00C970DA /* NotificationsManager */,
				78DC2F8C2C563FAB00CC0C65 /* Tipstore */,
				788EF9CF2C44CE6E00C164D2 /* Assets.xcassets */,
				788EF9D12C44CE6E00C164D2 /* Preview Content */,
			);
			path = WasteNot;
			sourceTree = "<group>";
		};
		788EF9D12C44CE6E00C164D2 /* Preview Content */ = {
			isa = PBXGroup;
			children = (
				788EF9D22C44CE6E00C164D2 /* Preview Assets.xcassets */,
			);
			path = "Preview Content";
			sourceTree = "<group>";
		};
		788EF9E72C44DC5700C164D2 /* Models */ = {
			isa = PBXGroup;
			children = (
				788EF9E92C44DC9900C164D2 /* Item.swift */,
				788EF9EB2C451CCA00C164D2 /* ItemIcon.swift */,
				78E112432C4CE71500C970DA /* Setting.swift */,
				78DC2F8A2C563F3600CC0C65 /* ProductsIdentifiers.swift */,
			);
			path = Models;
			sourceTree = "<group>";
		};
		78BF690E2C534F5C00321DD6 /* Frameworks */ = {
			isa = PBXGroup;
			children = (
				78DC2F872C56354600CC0C65 /* StoreKit.framework */,
				78BF690F2C534F5C00321DD6 /* WidgetKit.framework */,
				78BF69112C534F5C00321DD6 /* SwiftUI.framework */,
			);
			name = Frameworks;
			sourceTree = "<group>";
		};
		78BF692C2C5353F000321DD6 /* WidgetExtension */ = {
			isa = PBXGroup;
			children = (
				78BF692D2C5353F000321DD6 /* WidgetExtensionBundle.swift */,
				78BF692F2C5353F000321DD6 /* WidgetExtension.swift */,
				78BF69312C5353F200321DD6 /* Assets.xcassets */,
				78BF69332C5353F200321DD6 /* Info.plist */,
			);
			path = WidgetExtension;
			sourceTree = "<group>";
		};
		78DC2F8C2C563FAB00CC0C65 /* Tipstore */ = {
			isa = PBXGroup;
			children = (
				78DC2F8D2C563FE700CC0C65 /* Tipstore.swift */,
			);
			path = Tipstore;
			sourceTree = "<group>";
		};
		78E112392C49EF8700C970DA /* AdMod Ads */ = {
			isa = PBXGroup;
			children = (
				78E1123A2C49EFB000C970DA /* BannerAdsManager.swift */,
			);
			path = "AdMod Ads";
			sourceTree = "<group>";
		};
		78E112402C4C91FC00C970DA /* NotificationsManager */ = {
			isa = PBXGroup;
			children = (
				78E112412C4CD48100C970DA /* NotificationsManager.swift */,
			);
			path = NotificationsManager;
			sourceTree = "<group>";
		};
/* End PBXGroup section */

/* Begin PBXNativeTarget section */
		788EF9C72C44CE6D00C164D2 /* WasteNot */ = {
			isa = PBXNativeTarget;
			buildConfigurationList = 788EF9D62C44CE6E00C164D2 /* Build configuration list for PBXNativeTarget "WasteNot" */;
			buildPhases = (
				788EF9C42C44CE6D00C164D2 /* Sources */,
				788EF9C52C44CE6D00C164D2 /* Frameworks */,
				788EF9C62C44CE6D00C164D2 /* Resources */,
				78BF691E2C534F5F00321DD6 /* Embed Foundation Extensions */,
			);
			buildRules = (
			);
			dependencies = (
				78BF69352C5353F200321DD6 /* PBXTargetDependency */,
			);
			name = WasteNot;
			packageProductDependencies = (
				78E1123D2C49F03E00C970DA /* GoogleMobileAds */,
			);
			productName = WasteNot;
			productReference = 788EF9C82C44CE6D00C164D2 /* WasteNot.app */;
			productType = "com.apple.product-type.application";
		};
		78BF69282C5353F000321DD6 /* WidgetExtensionExtension */ = {
			isa = PBXNativeTarget;
			buildConfigurationList = 78BF69372C5353F200321DD6 /* Build configuration list for PBXNativeTarget "WidgetExtensionExtension" */;
			buildPhases = (
				78BF69252C5353F000321DD6 /* Sources */,
				78BF69262C5353F000321DD6 /* Frameworks */,
				78BF69272C5353F000321DD6 /* Resources */,
			);
			buildRules = (
			);
			dependencies = (
			);
			name = WidgetExtensionExtension;
			productName = WidgetExtensionExtension;
			productReference = 78BF69292C5353F000321DD6 /* WidgetExtensionExtension.appex */;
			productType = "com.apple.product-type.app-extension";
		};
/* End PBXNativeTarget section */

/* Begin PBXProject section */
		788EF9C02C44CE6D00C164D2 /* Project object */ = {
			isa = PBXProject;
			attributes = {
				BuildIndependentTargetsInParallel = 1;
				LastSwiftUpdateCheck = 1530;
				LastUpgradeCheck = 1530;
				TargetAttributes = {
					788EF9C72C44CE6D00C164D2 = {
						CreatedOnToolsVersion = 15.3;
					};
					78BF69282C5353F000321DD6 = {
						CreatedOnToolsVersion = 15.3;
					};
				};
			};
			buildConfigurationList = 788EF9C32C44CE6D00C164D2 /* Build configuration list for PBXProject "WasteNot" */;
			compatibilityVersion = "Xcode 14.0";
			developmentRegion = en;
			hasScannedForEncodings = 0;
			knownRegions = (
				en,
				Base,
			);
			mainGroup = 788EF9BF2C44CE6D00C164D2;
			packageReferences = (
				78E1123C2C49F03E00C970DA /* XCRemoteSwiftPackageReference "swift-package-manager-google-mobile-ads" */,
			);
			productRefGroup = 788EF9C92C44CE6D00C164D2 /* Products */;
			projectDirPath = "";
			projectRoot = "";
			targets = (
				788EF9C72C44CE6D00C164D2 /* WasteNot */,
				78BF69282C5353F000321DD6 /* WidgetExtensionExtension */,
			);
		};
/* End PBXProject section */

/* Begin PBXResourcesBuildPhase section */
		788EF9C62C44CE6D00C164D2 /* Resources */ = {
			isa = PBXResourcesBuildPhase;
			buildActionMask = 2147483647;
			files = (
				788EF9D32C44CE6E00C164D2 /* Preview Assets.xcassets in Resources */,
				788EF9D02C44CE6E00C164D2 /* Assets.xcassets in Resources */,
			);
			runOnlyForDeploymentPostprocessing = 0;
		};
		78BF69272C5353F000321DD6 /* Resources */ = {
			isa = PBXResourcesBuildPhase;
			buildActionMask = 2147483647;
			files = (
				78BF69322C5353F200321DD6 /* Assets.xcassets in Resources */,
			);
			runOnlyForDeploymentPostprocessing = 0;
		};
/* End PBXResourcesBuildPhase section */

/* Begin PBXSourcesBuildPhase section */
		788EF9C42C44CE6D00C164D2 /* Sources */ = {
			isa = PBXSourcesBuildPhase;
			buildActionMask = 2147483647;
			files = (
				788EF9E22C44DB2C00C164D2 /* SettingView.swift in Sources */,
				788EF9CC2C44CE6D00C164D2 /* WasteNotApp.swift in Sources */,
				78E1123B2C49EFB000C970DA /* BannerAdsManager.swift in Sources */,
				78DC2F8E2C563FE700CC0C65 /* Tipstore.swift in Sources */,
				788EF9E42C44DB8600C164D2 /* AddEditView.swift in Sources */,
				78DC2F962C56577D00CC0C65 /* ThanksView.swift in Sources */,
				78DC2F922C56459300CC0C65 /* TipsView.swift in Sources */,
				78DC2F8B2C563F3600CC0C65 /* ProductsIdentifiers.swift in Sources */,
				78E112442C4CE71500C970DA /* Setting.swift in Sources */,
				788EF9DF2C44D9EE00C164D2 /* HomeView.swift in Sources */,
				78E112422C4CD48100C970DA /* NotificationsManager.swift in Sources */,
				788EF9EA2C44DC9900C164D2 /* Item.swift in Sources */,
				788EF9E62C44DC4800C164D2 /* ItemRowView.swift in Sources */,
				788EF9EC2C451CCA00C164D2 /* ItemIcon.swift in Sources */,
				78DC2F942C56465600CC0C65 /* TipsItemView.swift in Sources */,
			);
			runOnlyForDeploymentPostprocessing = 0;
		};
		78BF69252C5353F000321DD6 /* Sources */ = {
			isa = PBXSourcesBuildPhase;
			buildActionMask = 2147483647;
			files = (
				78BF693C2C53541F00321DD6 /* Setting.swift in Sources */,
				78BF692E2C5353F000321DD6 /* WidgetExtensionBundle.swift in Sources */,
				78BF693B2C53541C00321DD6 /* ItemIcon.swift in Sources */,
				78BF693A2C53541700321DD6 /* Item.swift in Sources */,
				78BF69302C5353F000321DD6 /* WidgetExtension.swift in Sources */,
			);
			runOnlyForDeploymentPostprocessing = 0;
		};
/* End PBXSourcesBuildPhase section */

/* Begin PBXTargetDependency section */
		78BF69352C5353F200321DD6 /* PBXTargetDependency */ = {
			isa = PBXTargetDependency;
			target = 78BF69282C5353F000321DD6 /* WidgetExtensionExtension */;
			targetProxy = 78BF69342C5353F200321DD6 /* PBXContainerItemProxy */;
		};
/* End PBXTargetDependency section */

/* Begin XCBuildConfiguration section */
		788EF9D42C44CE6E00C164D2 /* Debug */ = {
			isa = XCBuildConfiguration;
			buildSettings = {
				ALWAYS_SEARCH_USER_PATHS = NO;
				ASSETCATALOG_COMPILER_GENERATE_SWIFT_ASSET_SYMBOL_EXTENSIONS = YES;
				CLANG_ANALYZER_NONNULL = YES;
				CLANG_ANALYZER_NUMBER_OBJECT_CONVERSION = YES_AGGRESSIVE;
				CLANG_CXX_LANGUAGE_STANDARD = "gnu++20";
				CLANG_ENABLE_MODULES = YES;
				CLANG_ENABLE_OBJC_ARC = YES;
				CLANG_ENABLE_OBJC_WEAK = YES;
				CLANG_WARN_BLOCK_CAPTURE_AUTORELEASING = YES;
				CLANG_WARN_BOOL_CONVERSION = YES;
				CLANG_WARN_COMMA = YES;
				CLANG_WARN_CONSTANT_CONVERSION = YES;
				CLANG_WARN_DEPRECATED_OBJC_IMPLEMENTATIONS = YES;
				CLANG_WARN_DIRECT_OBJC_ISA_USAGE = YES_ERROR;
				CLANG_WARN_DOCUMENTATION_COMMENTS = YES;
				CLANG_WARN_EMPTY_BODY = YES;
				CLANG_WARN_ENUM_CONVERSION = YES;
				CLANG_WARN_INFINITE_RECURSION = YES;
				CLANG_WARN_INT_CONVERSION = YES;
				CLANG_WARN_NON_LITERAL_NULL_CONVERSION = YES;
				CLANG_WARN_OBJC_IMPLICIT_RETAIN_SELF = YES;
				CLANG_WARN_OBJC_LITERAL_CONVERSION = YES;
				CLANG_WARN_OBJC_ROOT_CLASS = YES_ERROR;
				CLANG_WARN_QUOTED_INCLUDE_IN_FRAMEWORK_HEADER = YES;
				CLANG_WARN_RANGE_LOOP_ANALYSIS = YES;
				CLANG_WARN_STRICT_PROTOTYPES = YES;
				CLANG_WARN_SUSPICIOUS_MOVE = YES;
				CLANG_WARN_UNGUARDED_AVAILABILITY = YES_AGGRESSIVE;
				CLANG_WARN_UNREACHABLE_CODE = YES;
				CLANG_WARN__DUPLICATE_METHOD_MATCH = YES;
				COPY_PHASE_STRIP = NO;
				DEBUG_INFORMATION_FORMAT = dwarf;
				ENABLE_STRICT_OBJC_MSGSEND = YES;
				ENABLE_TESTABILITY = YES;
				ENABLE_USER_SCRIPT_SANDBOXING = YES;
				GCC_C_LANGUAGE_STANDARD = gnu17;
				GCC_DYNAMIC_NO_PIC = NO;
				GCC_NO_COMMON_BLOCKS = YES;
				GCC_OPTIMIZATION_LEVEL = 0;
				GCC_PREPROCESSOR_DEFINITIONS = (
					"DEBUG=1",
					"$(inherited)",
				);
				GCC_WARN_64_TO_32_BIT_CONVERSION = YES;
				GCC_WARN_ABOUT_RETURN_TYPE = YES_ERROR;
				GCC_WARN_UNDECLARED_SELECTOR = YES;
				GCC_WARN_UNINITIALIZED_AUTOS = YES_AGGRESSIVE;
				GCC_WARN_UNUSED_FUNCTION = YES;
				GCC_WARN_UNUSED_VARIABLE = YES;
				IPHONEOS_DEPLOYMENT_TARGET = 17.4;
				LOCALIZATION_PREFERS_STRING_CATALOGS = YES;
				MTL_ENABLE_DEBUG_INFO = INCLUDE_SOURCE;
				MTL_FAST_MATH = YES;
				ONLY_ACTIVE_ARCH = YES;
				SDKROOT = iphoneos;
				SWIFT_ACTIVE_COMPILATION_CONDITIONS = "DEBUG $(inherited)";
				SWIFT_OPTIMIZATION_LEVEL = "-Onone";
			};
			name = Debug;
		};
		788EF9D52C44CE6E00C164D2 /* Release */ = {
			isa = XCBuildConfiguration;
			buildSettings = {
				ALWAYS_SEARCH_USER_PATHS = NO;
				ASSETCATALOG_COMPILER_GENERATE_SWIFT_ASSET_SYMBOL_EXTENSIONS = YES;
				CLANG_ANALYZER_NONNULL = YES;
				CLANG_ANALYZER_NUMBER_OBJECT_CONVERSION = YES_AGGRESSIVE;
				CLANG_CXX_LANGUAGE_STANDARD = "gnu++20";
				CLANG_ENABLE_MODULES = YES;
				CLANG_ENABLE_OBJC_ARC = YES;
				CLANG_ENABLE_OBJC_WEAK = YES;
				CLANG_WARN_BLOCK_CAPTURE_AUTORELEASING = YES;
				CLANG_WARN_BOOL_CONVERSION = YES;
				CLANG_WARN_COMMA = YES;
				CLANG_WARN_CONSTANT_CONVERSION = YES;
				CLANG_WARN_DEPRECATED_OBJC_IMPLEMENTATIONS = YES;
				CLANG_WARN_DIRECT_OBJC_ISA_USAGE = YES_ERROR;
				CLANG_WARN_DOCUMENTATION_COMMENTS = YES;
				CLANG_WARN_EMPTY_BODY = YES;
				CLANG_WARN_ENUM_CONVERSION = YES;
				CLANG_WARN_INFINITE_RECURSION = YES;
				CLANG_WARN_INT_CONVERSION = YES;
				CLANG_WARN_NON_LITERAL_NULL_CONVERSION = YES;
				CLANG_WARN_OBJC_IMPLICIT_RETAIN_SELF = YES;
				CLANG_WARN_OBJC_LITERAL_CONVERSION = YES;
				CLANG_WARN_OBJC_ROOT_CLASS = YES_ERROR;
				CLANG_WARN_QUOTED_INCLUDE_IN_FRAMEWORK_HEADER = YES;
				CLANG_WARN_RANGE_LOOP_ANALYSIS = YES;
				CLANG_WARN_STRICT_PROTOTYPES = YES;
				CLANG_WARN_SUSPICIOUS_MOVE = YES;
				CLANG_WARN_UNGUARDED_AVAILABILITY = YES_AGGRESSIVE;
				CLANG_WARN_UNREACHABLE_CODE = YES;
				CLANG_WARN__DUPLICATE_METHOD_MATCH = YES;
				COPY_PHASE_STRIP = NO;
				DEBUG_INFORMATION_FORMAT = "dwarf-with-dsym";
				ENABLE_NS_ASSERTIONS = NO;
				ENABLE_STRICT_OBJC_MSGSEND = YES;
				ENABLE_USER_SCRIPT_SANDBOXING = YES;
				GCC_C_LANGUAGE_STANDARD = gnu17;
				GCC_NO_COMMON_BLOCKS = YES;
				GCC_WARN_64_TO_32_BIT_CONVERSION = YES;
				GCC_WARN_ABOUT_RETURN_TYPE = YES_ERROR;
				GCC_WARN_UNDECLARED_SELECTOR = YES;
				GCC_WARN_UNINITIALIZED_AUTOS = YES_AGGRESSIVE;
				GCC_WARN_UNUSED_FUNCTION = YES;
				GCC_WARN_UNUSED_VARIABLE = YES;
				IPHONEOS_DEPLOYMENT_TARGET = 17.4;
				LOCALIZATION_PREFERS_STRING_CATALOGS = YES;
				MTL_ENABLE_DEBUG_INFO = NO;
				MTL_FAST_MATH = YES;
				SDKROOT = iphoneos;
				SWIFT_COMPILATION_MODE = wholemodule;
				VALIDATE_PRODUCT = YES;
			};
			name = Release;
		};
		788EF9D72C44CE6E00C164D2 /* Debug */ = {
			isa = XCBuildConfiguration;
			buildSettings = {
				ALWAYS_EMBED_SWIFT_STANDARD_LIBRARIES = YES;
				ASSETCATALOG_COMPILER_APPICON_NAME = AppIcon;
				ASSETCATALOG_COMPILER_GLOBAL_ACCENT_COLOR_NAME = AccentColor;
				CODE_SIGN_ENTITLEMENTS = WasteNot/WasteNot.entitlements;
				CODE_SIGN_STYLE = Automatic;
				CURRENT_PROJECT_VERSION = 1;
				DEVELOPMENT_ASSET_PATHS = "\"WasteNot/Preview Content\"";
				DEVELOPMENT_TEAM = 49H596ZHS6;
				ENABLE_PREVIEWS = YES;
				GENERATE_INFOPLIST_FILE = YES;
				INFOPLIST_FILE = WasteNot/Info.plist;
				INFOPLIST_KEY_NSCameraUsageDescription = "This app needs to capture image to show in the app.";
				INFOPLIST_KEY_NSUserTrackingUsageDescription = "To improve your experience";
				INFOPLIST_KEY_UIApplicationSceneManifest_Generation = YES;
				INFOPLIST_KEY_UIApplicationSupportsIndirectInputEvents = YES;
				INFOPLIST_KEY_UILaunchScreen_Generation = YES;
				INFOPLIST_KEY_UISupportedInterfaceOrientations_iPad = "UIInterfaceOrientationPortrait UIInterfaceOrientationPortraitUpsideDown UIInterfaceOrientationLandscapeLeft UIInterfaceOrientationLandscapeRight";
				INFOPLIST_KEY_UISupportedInterfaceOrientations_iPhone = "UIInterfaceOrientationPortrait UIInterfaceOrientationLandscapeLeft UIInterfaceOrientationLandscapeRight";
				LD_RUNPATH_SEARCH_PATHS = (
					"$(inherited)",
					"@executable_path/Frameworks",
				);
				MARKETING_VERSION = 1.0;
				PRODUCT_BUNDLE_IDENTIFIER = com.bii.WasteNot;
				PRODUCT_NAME = "$(TARGET_NAME)";
				SWIFT_EMIT_LOC_STRINGS = YES;
				SWIFT_VERSION = 5.0;
				TARGETED_DEVICE_FAMILY = "1,2";
			};
			name = Debug;
		};
		788EF9D82C44CE6E00C164D2 /* Release */ = {
			isa = XCBuildConfiguration;
			buildSettings = {
				ALWAYS_EMBED_SWIFT_STANDARD_LIBRARIES = YES;
				ASSETCATALOG_COMPILER_APPICON_NAME = AppIcon;
				ASSETCATALOG_COMPILER_GLOBAL_ACCENT_COLOR_NAME = AccentColor;
				CODE_SIGN_ENTITLEMENTS = WasteNot/WasteNot.entitlements;
				CODE_SIGN_STYLE = Automatic;
				CURRENT_PROJECT_VERSION = 1;
				DEVELOPMENT_ASSET_PATHS = "\"WasteNot/Preview Content\"";
				DEVELOPMENT_TEAM = 49H596ZHS6;
				ENABLE_PREVIEWS = YES;
				GENERATE_INFOPLIST_FILE = YES;
				INFOPLIST_FILE = WasteNot/Info.plist;
				INFOPLIST_KEY_NSCameraUsageDescription = "This app needs to capture image to show in the app.";
				INFOPLIST_KEY_NSUserTrackingUsageDescription = "To improve your experience";
				INFOPLIST_KEY_UIApplicationSceneManifest_Generation = YES;
				INFOPLIST_KEY_UIApplicationSupportsIndirectInputEvents = YES;
				INFOPLIST_KEY_UILaunchScreen_Generation = YES;
				INFOPLIST_KEY_UISupportedInterfaceOrientations_iPad = "UIInterfaceOrientationPortrait UIInterfaceOrientationPortraitUpsideDown UIInterfaceOrientationLandscapeLeft UIInterfaceOrientationLandscapeRight";
				INFOPLIST_KEY_UISupportedInterfaceOrientations_iPhone = "UIInterfaceOrientationPortrait UIInterfaceOrientationLandscapeLeft UIInterfaceOrientationLandscapeRight";
				LD_RUNPATH_SEARCH_PATHS = (
					"$(inherited)",
					"@executable_path/Frameworks",
				);
				MARKETING_VERSION = 1.0;
				PRODUCT_BUNDLE_IDENTIFIER = com.bii.WasteNot;
				PRODUCT_NAME = "$(TARGET_NAME)";
				SWIFT_EMIT_LOC_STRINGS = YES;
				SWIFT_VERSION = 5.0;
				TARGETED_DEVICE_FAMILY = "1,2";
			};
			name = Release;
		};
		78BF69382C5353F200321DD6 /* Debug */ = {
			isa = XCBuildConfiguration;
			buildSettings = {
				ASSETCATALOG_COMPILER_GLOBAL_ACCENT_COLOR_NAME = AccentColor;
				ASSETCATALOG_COMPILER_WIDGET_BACKGROUND_COLOR_NAME = WidgetBackground;
				CODE_SIGN_ENTITLEMENTS = WidgetExtensionExtension.entitlements;
				CODE_SIGN_STYLE = Automatic;
				CURRENT_PROJECT_VERSION = 1;
				DEVELOPMENT_TEAM = 49H596ZHS6;
				GENERATE_INFOPLIST_FILE = YES;
				INFOPLIST_FILE = WidgetExtension/Info.plist;
				INFOPLIST_KEY_CFBundleDisplayName = WidgetExtension;
				INFOPLIST_KEY_NSHumanReadableCopyright = "";
				LD_RUNPATH_SEARCH_PATHS = (
					"$(inherited)",
					"@executable_path/Frameworks",
					"@executable_path/../../Frameworks",
				);
				MARKETING_VERSION = 1.0;
				PRODUCT_BUNDLE_IDENTIFIER = com.bii.WasteNot.WidgetExtension;
				PRODUCT_NAME = "$(TARGET_NAME)";
				SKIP_INSTALL = YES;
				SWIFT_EMIT_LOC_STRINGS = YES;
				SWIFT_VERSION = 5.0;
				TARGETED_DEVICE_FAMILY = "1,2";
			};
			name = Debug;
		};
		78BF69392C5353F200321DD6 /* Release */ = {
			isa = XCBuildConfiguration;
			buildSettings = {
				ASSETCATALOG_COMPILER_GLOBAL_ACCENT_COLOR_NAME = AccentColor;
				ASSETCATALOG_COMPILER_WIDGET_BACKGROUND_COLOR_NAME = WidgetBackground;
				CODE_SIGN_ENTITLEMENTS = WidgetExtensionExtension.entitlements;
				CODE_SIGN_STYLE = Automatic;
				CURRENT_PROJECT_VERSION = 1;
				DEVELOPMENT_TEAM = 49H596ZHS6;
				GENERATE_INFOPLIST_FILE = YES;
				INFOPLIST_FILE = WidgetExtension/Info.plist;
				INFOPLIST_KEY_CFBundleDisplayName = WidgetExtension;
				INFOPLIST_KEY_NSHumanReadableCopyright = "";
				LD_RUNPATH_SEARCH_PATHS = (
					"$(inherited)",
					"@executable_path/Frameworks",
					"@executable_path/../../Frameworks",
				);
				MARKETING_VERSION = 1.0;
				PRODUCT_BUNDLE_IDENTIFIER = com.bii.WasteNot.WidgetExtension;
				PRODUCT_NAME = "$(TARGET_NAME)";
				SKIP_INSTALL = YES;
				SWIFT_EMIT_LOC_STRINGS = YES;
				SWIFT_VERSION = 5.0;
				TARGETED_DEVICE_FAMILY = "1,2";
			};
			name = Release;
		};
/* End XCBuildConfiguration section */

/* Begin XCConfigurationList section */
		788EF9C32C44CE6D00C164D2 /* Build configuration list for PBXProject "WasteNot" */ = {
			isa = XCConfigurationList;
			buildConfigurations = (
				788EF9D42C44CE6E00C164D2 /* Debug */,
				788EF9D52C44CE6E00C164D2 /* Release */,
			);
			defaultConfigurationIsVisible = 0;
			defaultConfigurationName = Release;
		};
		788EF9D62C44CE6E00C164D2 /* Build configuration list for PBXNativeTarget "WasteNot" */ = {
			isa = XCConfigurationList;
			buildConfigurations = (
				788EF9D72C44CE6E00C164D2 /* Debug */,
				788EF9D82C44CE6E00C164D2 /* Release */,
			);
			defaultConfigurationIsVisible = 0;
			defaultConfigurationName = Release;
		};
		78BF69372C5353F200321DD6 /* Build configuration list for PBXNativeTarget "WidgetExtensionExtension" */ = {
			isa = XCConfigurationList;
			buildConfigurations = (
				78BF69382C5353F200321DD6 /* Debug */,
				78BF69392C5353F200321DD6 /* Release */,
			);
			defaultConfigurationIsVisible = 0;
			defaultConfigurationName = Release;
		};
/* End XCConfigurationList section */

/* Begin XCRemoteSwiftPackageReference section */
		78E1123C2C49F03E00C970DA /* XCRemoteSwiftPackageReference "swift-package-manager-google-mobile-ads" */ = {
			isa = XCRemoteSwiftPackageReference;
			repositoryURL = "https://github.com/googleads/swift-package-manager-google-mobile-ads.git";
			requirement = {
				kind = upToNextMajorVersion;
				minimumVersion = 11.7.0;
			};
		};
/* End XCRemoteSwiftPackageReference section */

/* Begin XCSwiftPackageProductDependency section */
		78E1123D2C49F03E00C970DA /* GoogleMobileAds */ = {
			isa = XCSwiftPackageProductDependency;
			package = 78E1123C2C49F03E00C970DA /* XCRemoteSwiftPackageReference "swift-package-manager-google-mobile-ads" */;
			productName = GoogleMobileAds;
		};
/* End XCSwiftPackageProductDependency section */
	};
	rootObject = 788EF9C02C44CE6D00C164D2 /* Project object */;
}
