{
  "originHash" : "b621e07201161109190994527b36d7e069507e58b268103041e81e29247cf41c",
  "pins" : [
    {
      "identity" : "swift-package-manager-google-mobile-ads",
      "kind" : "remoteSourceControl",
      "location" : "https://github.com/googleads/swift-package-manager-google-mobile-ads.git",
      "state" : {
        "revision" : "6457f9651bea0d62a548ac63fa9d34aae7d0488e",
        "version" : "11.7.0"
      }
    },
    {
      "identity" : "swift-package-manager-google-user-messaging-platform",
      "kind" : "remoteSourceControl",
      "location" : "https://github.com/googleads/swift-package-manager-google-user-messaging-platform.git",
      "state" : {
        "revision" : "459949af1286c12487a6efd76f00f3e9d951c9ba",
        "version" : "2.5.0"
      }
    },
    {
      "identity" : "swipetammie",
      "kind" : "remoteSourceControl",
      "location" : "https://github.com/bii-08/SwipeTammie.git",
      "state" : {
        "revision" : "b0727593840ce05cf3be84ec06f296a2cbd53f62",
        "version" : "1.0.0"
      }
    }
  ],
  "version" : 3
}
